// !$*UTF8*$!
{
	archiveVersion = 1;
	classes = {
	};
	objectVersion = 56;
	objects = {

/* Begin PBXBuildFile section */
		970AEC892A85647C00B50998 /* CornerRadiusModifier.swift in Sources */ = {isa = PBXBuildFile; fileRef = 970AEC882A85647C00B50998 /* CornerRadiusModifier.swift */; };
		970AEC8B2A8569BF00B50998 /* FrameModifier.swift in Sources */ = {isa = PBXBuildFile; fileRef = 970AEC8A2A8569BF00B50998 /* FrameModifier.swift */; };
		970AEC8D2A861CC600B50998 /* TextFields.swift in Sources */ = {isa = PBXBuildFile; fileRef = 970AEC8C2A861CC600B50998 /* TextFields.swift */; };
		9714B56A2AA892860090D8D2 /* Realm in Frameworks */ = {isa = PBXBuildFile; productRef = 9714B5692AA892860090D8D2 /* Realm */; };
		9714B56C2AA892860090D8D2 /* RealmSwift in Frameworks */ = {isa = PBXBuildFile; productRef = 9714B56B2AA892860090D8D2 /* RealmSwift */; };
		9714B5752AA8A3500090D8D2 /* Furnitures.swift in Sources */ = {isa = PBXBuildFile; fileRef = 9714B5742AA8A3500090D8D2 /* Furnitures.swift */; };
		975987D82AB1D3A800942C8C /* RealmManager.swift in Sources */ = {isa = PBXBuildFile; fileRef = 975987D72AB1D3A800942C8C /* RealmManager.swift */; };
		975987DA2AB1DF1100942C8C /* Stacks.swift in Sources */ = {isa = PBXBuildFile; fileRef = 975987D92AB1DF1100942C8C /* Stacks.swift */; };
		975987DC2AB98E7900942C8C /* Errors.swift in Sources */ = {isa = PBXBuildFile; fileRef = 975987DB2AB98E7900942C8C /* Errors.swift */; };
		975987DE2AB9A9C700942C8C /* Color.swift in Sources */ = {isa = PBXBuildFile; fileRef = 975987DD2AB9A9C700942C8C /* Color.swift */; };
		979154DF2A84BBB000A1B056 /* Images.swift in Sources */ = {isa = PBXBuildFile; fileRef = 979154DE2A84BBB000A1B056 /* Images.swift */; };
		979154E12A84BBD100A1B056 /* Strings.swift in Sources */ = {isa = PBXBuildFile; fileRef = 979154E02A84BBD100A1B056 /* Strings.swift */; };
		979154E42A84C29A00A1B056 /* Texts.swift in Sources */ = {isa = PBXBuildFile; fileRef = 979154E32A84C29A00A1B056 /* Texts.swift */; };
		979154E62A84E4C700A1B056 /* Environments.swift in Sources */ = {isa = PBXBuildFile; fileRef = 979154E52A84E4C700A1B056 /* Environments.swift */; };
		979F17A62A7FA43200DD85ED /* SliderStoryView.swift in Sources */ = {isa = PBXBuildFile; fileRef = 979F17A52A7FA43200DD85ED /* SliderStoryView.swift */; };
		979F17A82A7FA4AB00DD85ED /* CategoryItemView.swift in Sources */ = {isa = PBXBuildFile; fileRef = 979F17A72A7FA4AB00DD85ED /* CategoryItemView.swift */; };
		979F17AA2A7FA51D00DD85ED /* NavigationBarEdit.swift in Sources */ = {isa = PBXBuildFile; fileRef = 979F17A92A7FA51D00DD85ED /* NavigationBarEdit.swift */; };
		979F17AC2A7FA6B200DD85ED /* BasketItemView.swift in Sources */ = {isa = PBXBuildFile; fileRef = 979F17AB2A7FA6B200DD85ED /* BasketItemView.swift */; };
		979F17B02A7FA8B300DD85ED /* Buttons.swift in Sources */ = {isa = PBXBuildFile; fileRef = 979F17AF2A7FA8B300DD85ED /* Buttons.swift */; };
		979F17B22A7FA9A300DD85ED /* FavoriteItemView.swift in Sources */ = {isa = PBXBuildFile; fileRef = 979F17B12A7FA9A300DD85ED /* FavoriteItemView.swift */; };
		979F17B42A7FAB1100DD85ED /* ProfileItemView.swift in Sources */ = {isa = PBXBuildFile; fileRef = 979F17B32A7FAB1100DD85ED /* ProfileItemView.swift */; };
		979F17B62A7FAC9300DD85ED /* ItemCell.swift in Sources */ = {isa = PBXBuildFile; fileRef = 979F17B52A7FAC9300DD85ED /* ItemCell.swift */; };
		979F17BE2A7FC28700DD85ED /* FontModifier.swift in Sources */ = {isa = PBXBuildFile; fileRef = 979F17BD2A7FC28700DD85ED /* FontModifier.swift */; };
		979F17C02A7FC9F300DD85ED /* CategoriesInDetail.swift in Sources */ = {isa = PBXBuildFile; fileRef = 979F17BF2A7FC9F300DD85ED /* CategoriesInDetail.swift */; };
		979F17C22A7FD77800DD85ED /* CategoriesInScreen.swift in Sources */ = {isa = PBXBuildFile; fileRef = 979F17C12A7FD77800DD85ED /* CategoriesInScreen.swift */; };
		979F17C72A7FEA5D00DD85ED /* Constants.swift in Sources */ = {isa = PBXBuildFile; fileRef = 979F17C62A7FEA5D00DD85ED /* Constants.swift */; };
		97C99CC42A79A64700270B48 /* RatingView.swift in Sources */ = {isa = PBXBuildFile; fileRef = 97C99CC32A79A64700270B48 /* RatingView.swift */; };
		97C99CC62A7A4C5000270B48 /* Person.swift in Sources */ = {isa = PBXBuildFile; fileRef = 97C99CC52A7A4C5000270B48 /* Person.swift */; };
		97D0A18E2A78E398005CE66E /* ECommerceApp.swift in Sources */ = {isa = PBXBuildFile; fileRef = 97D0A18D2A78E398005CE66E /* ECommerceApp.swift */; };
		97D0A1902A78E398005CE66E /* ContentView.swift in Sources */ = {isa = PBXBuildFile; fileRef = 97D0A18F2A78E398005CE66E /* ContentView.swift */; };
		97D0A1922A78E39B005CE66E /* Assets.xcassets in Resources */ = {isa = PBXBuildFile; fileRef = 97D0A1912A78E39B005CE66E /* Assets.xcassets */; };
		97D0A1952A78E39B005CE66E /* Preview Assets.xcassets in Resources */ = {isa = PBXBuildFile; fileRef = 97D0A1942A78E39B005CE66E /* Preview Assets.xcassets */; };
		97D0A1A12A78E828005CE66E /* Poppins-MediumItalic.ttf in Resources */ = {isa = PBXBuildFile; fileRef = 97D0A19F2A78E827005CE66E /* Poppins-MediumItalic.ttf */; };
		97D0A1A22A78E828005CE66E /* Poppins-Medium.ttf in Resources */ = {isa = PBXBuildFile; fileRef = 97D0A1A02A78E827005CE66E /* Poppins-Medium.ttf */; };
		97D0A1A52A78EB94005CE66E /* CategoryScreen.swift in Sources */ = {isa = PBXBuildFile; fileRef = 97D0A1A42A78EB94005CE66E /* CategoryScreen.swift */; };
		97D0A1AD2A7911D6005CE66E /* TabBar.swift in Sources */ = {isa = PBXBuildFile; fileRef = 97D0A1AC2A7911D6005CE66E /* TabBar.swift */; };
		97D0A1B32A791DC5005CE66E /* BasketScreen.swift in Sources */ = {isa = PBXBuildFile; fileRef = 97D0A1B22A791DC5005CE66E /* BasketScreen.swift */; };
		97D0A1B72A791E06005CE66E /* ProfileScreen.swift in Sources */ = {isa = PBXBuildFile; fileRef = 97D0A1B62A791E06005CE66E /* ProfileScreen.swift */; };
		97D0A1BA2A791E1E005CE66E /* FavoriteScreen.swift in Sources */ = {isa = PBXBuildFile; fileRef = 97D0A1B92A791E1E005CE66E /* FavoriteScreen.swift */; };
		97D46E9C2A822BF1004BBEA7 /* Localizable.strings in Resources */ = {isa = PBXBuildFile; fileRef = 97D46E9E2A822BF1004BBEA7 /* Localizable.strings */; };
/* End PBXBuildFile section */

/* Begin PBXFileReference section */
		970AEC882A85647C00B50998 /* CornerRadiusModifier.swift */ = {isa = PBXFileReference; lastKnownFileType = sourcecode.swift; path = CornerRadiusModifier.swift; sourceTree = "<group>"; };
		970AEC8A2A8569BF00B50998 /* FrameModifier.swift */ = {isa = PBXFileReference; lastKnownFileType = sourcecode.swift; path = FrameModifier.swift; sourceTree = "<group>"; };
		970AEC8C2A861CC600B50998 /* TextFields.swift */ = {isa = PBXFileReference; lastKnownFileType = sourcecode.swift; path = TextFields.swift; sourceTree = "<group>"; };
		9714B5742AA8A3500090D8D2 /* Furnitures.swift */ = {isa = PBXFileReference; lastKnownFileType = sourcecode.swift; path = Furnitures.swift; sourceTree = "<group>"; };
		975987D72AB1D3A800942C8C /* RealmManager.swift */ = {isa = PBXFileReference; lastKnownFileType = sourcecode.swift; path = RealmManager.swift; sourceTree = "<group>"; };
		975987D92AB1DF1100942C8C /* Stacks.swift */ = {isa = PBXFileReference; lastKnownFileType = sourcecode.swift; path = Stacks.swift; sourceTree = "<group>"; };
		975987DB2AB98E7900942C8C /* Errors.swift */ = {isa = PBXFileReference; lastKnownFileType = sourcecode.swift; path = Errors.swift; sourceTree = "<group>"; };
		975987DD2AB9A9C700942C8C /* Color.swift */ = {isa = PBXFileReference; lastKnownFileType = sourcecode.swift; path = Color.swift; sourceTree = "<group>"; };
		979154DE2A84BBB000A1B056 /* Images.swift */ = {isa = PBXFileReference; lastKnownFileType = sourcecode.swift; path = Images.swift; sourceTree = "<group>"; };
		979154E02A84BBD100A1B056 /* Strings.swift */ = {isa = PBXFileReference; lastKnownFileType = sourcecode.swift; path = Strings.swift; sourceTree = "<group>"; };
		979154E32A84C29A00A1B056 /* Texts.swift */ = {isa = PBXFileReference; lastKnownFileType = sourcecode.swift; path = Texts.swift; sourceTree = "<group>"; };
		979154E52A84E4C700A1B056 /* Environments.swift */ = {isa = PBXFileReference; lastKnownFileType = sourcecode.swift; path = Environments.swift; sourceTree = "<group>"; };
		979F17A52A7FA43200DD85ED /* SliderStoryView.swift */ = {isa = PBXFileReference; lastKnownFileType = sourcecode.swift; path = SliderStoryView.swift; sourceTree = "<group>"; };
		979F17A72A7FA4AB00DD85ED /* CategoryItemView.swift */ = {isa = PBXFileReference; lastKnownFileType = sourcecode.swift; path = CategoryItemView.swift; sourceTree = "<group>"; };
		979F17A92A7FA51D00DD85ED /* NavigationBarEdit.swift */ = {isa = PBXFileReference; lastKnownFileType = sourcecode.swift; path = NavigationBarEdit.swift; sourceTree = "<group>"; };
		979F17AB2A7FA6B200DD85ED /* BasketItemView.swift */ = {isa = PBXFileReference; lastKnownFileType = sourcecode.swift; path = BasketItemView.swift; sourceTree = "<group>"; };
		979F17AF2A7FA8B300DD85ED /* Buttons.swift */ = {isa = PBXFileReference; lastKnownFileType = sourcecode.swift; path = Buttons.swift; sourceTree = "<group>"; };
		979F17B12A7FA9A300DD85ED /* FavoriteItemView.swift */ = {isa = PBXFileReference; lastKnownFileType = sourcecode.swift; path = FavoriteItemView.swift; sourceTree = "<group>"; };
		979F17B32A7FAB1100DD85ED /* ProfileItemView.swift */ = {isa = PBXFileReference; lastKnownFileType = sourcecode.swift; path = ProfileItemView.swift; sourceTree = "<group>"; };
		979F17B52A7FAC9300DD85ED /* ItemCell.swift */ = {isa = PBXFileReference; lastKnownFileType = sourcecode.swift; path = ItemCell.swift; sourceTree = "<group>"; };
		979F17BD2A7FC28700DD85ED /* FontModifier.swift */ = {isa = PBXFileReference; lastKnownFileType = sourcecode.swift; path = FontModifier.swift; sourceTree = "<group>"; };
		979F17BF2A7FC9F300DD85ED /* CategoriesInDetail.swift */ = {isa = PBXFileReference; lastKnownFileType = sourcecode.swift; path = CategoriesInDetail.swift; sourceTree = "<group>"; };
		979F17C12A7FD77800DD85ED /* CategoriesInScreen.swift */ = {isa = PBXFileReference; lastKnownFileType = sourcecode.swift; path = CategoriesInScreen.swift; sourceTree = "<group>"; };
		979F17C62A7FEA5D00DD85ED /* Constants.swift */ = {isa = PBXFileReference; lastKnownFileType = sourcecode.swift; path = Constants.swift; sourceTree = "<group>"; };
		97C99CC32A79A64700270B48 /* RatingView.swift */ = {isa = PBXFileReference; lastKnownFileType = sourcecode.swift; path = RatingView.swift; sourceTree = "<group>"; };
		97C99CC52A7A4C5000270B48 /* Person.swift */ = {isa = PBXFileReference; lastKnownFileType = sourcecode.swift; path = Person.swift; sourceTree = "<group>"; };
		97D0A18A2A78E398005CE66E /* ecommerceapp.app */ = {isa = PBXFileReference; explicitFileType = wrapper.application; includeInIndex = 0; path = ecommerceapp.app; sourceTree = BUILT_PRODUCTS_DIR; };
		97D0A18D2A78E398005CE66E /* ECommerceApp.swift */ = {isa = PBXFileReference; lastKnownFileType = sourcecode.swift; path = ECommerceApp.swift; sourceTree = "<group>"; };
		97D0A18F2A78E398005CE66E /* ContentView.swift */ = {isa = PBXFileReference; lastKnownFileType = sourcecode.swift; path = ContentView.swift; sourceTree = "<group>"; };
		97D0A1912A78E39B005CE66E /* Assets.xcassets */ = {isa = PBXFileReference; lastKnownFileType = folder.assetcatalog; path = Assets.xcassets; sourceTree = "<group>"; };
		97D0A1942A78E39B005CE66E /* Preview Assets.xcassets */ = {isa = PBXFileReference; lastKnownFileType = folder.assetcatalog; path = "Preview Assets.xcassets"; sourceTree = "<group>"; };
		97D0A19E2A78E5EB005CE66E /* Info.plist */ = {isa = PBXFileReference; lastKnownFileType = text.plist; path = Info.plist; sourceTree = "<group>"; };
		97D0A19F2A78E827005CE66E /* Poppins-MediumItalic.ttf */ = {isa = PBXFileReference; lastKnownFileType = file; path = "Poppins-MediumItalic.ttf"; sourceTree = "<group>"; };
		97D0A1A02A78E827005CE66E /* Poppins-Medium.ttf */ = {isa = PBXFileReference; lastKnownFileType = file; path = "Poppins-Medium.ttf"; sourceTree = "<group>"; };
		97D0A1A42A78EB94005CE66E /* CategoryScreen.swift */ = {isa = PBXFileReference; lastKnownFileType = sourcecode.swift; path = CategoryScreen.swift; sourceTree = "<group>"; };
		97D0A1AC2A7911D6005CE66E /* TabBar.swift */ = {isa = PBXFileReference; lastKnownFileType = sourcecode.swift; path = TabBar.swift; sourceTree = "<group>"; };
		97D0A1B22A791DC5005CE66E /* BasketScreen.swift */ = {isa = PBXFileReference; lastKnownFileType = sourcecode.swift; path = BasketScreen.swift; sourceTree = "<group>"; };
		97D0A1B62A791E06005CE66E /* ProfileScreen.swift */ = {isa = PBXFileReference; lastKnownFileType = sourcecode.swift; path = ProfileScreen.swift; sourceTree = "<group>"; };
		97D0A1B92A791E1E005CE66E /* FavoriteScreen.swift */ = {isa = PBXFileReference; lastKnownFileType = sourcecode.swift; path = FavoriteScreen.swift; sourceTree = "<group>"; };
		97D46E9D2A822BF1004BBEA7 /* tr */ = {isa = PBXFileReference; lastKnownFileType = text.plist.strings; name = tr; path = tr.lproj/Localizable.strings; sourceTree = "<group>"; };
		97D46E9F2A822C00004BBEA7 /* en */ = {isa = PBXFileReference; lastKnownFileType = text.plist.strings; name = en; path = en.lproj/Localizable.strings; sourceTree = "<group>"; };
/* End PBXFileReference section */

/* Begin PBXFrameworksBuildPhase section */
		97D0A1872A78E398005CE66E /* Frameworks */ = {
			isa = PBXFrameworksBuildPhase;
			buildActionMask = 2147483647;
			files = (
				9714B56C2AA892860090D8D2 /* RealmSwift in Frameworks */,
				9714B56A2AA892860090D8D2 /* Realm in Frameworks */,
			);
			runOnlyForDeploymentPostprocessing = 0;
		};
/* End PBXFrameworksBuildPhase section */

/* Begin PBXGroup section */
		979154DD2A84BB9100A1B056 /* Extensions */ = {
			isa = PBXGroup;
			children = (
				979154DE2A84BBB000A1B056 /* Images.swift */,
				979154E02A84BBD100A1B056 /* Strings.swift */,
				979154E32A84C29A00A1B056 /* Texts.swift */,
				979154E52A84E4C700A1B056 /* Environments.swift */,
				970AEC8C2A861CC600B50998 /* TextFields.swift */,
				975987D92AB1DF1100942C8C /* Stacks.swift */,
				975987DB2AB98E7900942C8C /* Errors.swift */,
				975987DD2AB9A9C700942C8C /* Color.swift */,
			);
			path = Extensions;
			sourceTree = "<group>";
		};
		979154E22A84BD0000A1B056 /* Modifiers */ = {
			isa = PBXGroup;
			children = (
				979F17BD2A7FC28700DD85ED /* FontModifier.swift */,
				970AEC882A85647C00B50998 /* CornerRadiusModifier.swift */,
				970AEC8A2A8569BF00B50998 /* FrameModifier.swift */,
			);
			path = Modifiers;
			sourceTree = "<group>";
		};
		979F17962A7BDA6200DD85ED /* Frameworks */ = {
			isa = PBXGroup;
			children = (
			);
			name = Frameworks;
			sourceTree = "<group>";
		};
		979F17C52A7FEA4F00DD85ED /* Constants */ = {
			isa = PBXGroup;
			children = (
				979F17C62A7FEA5D00DD85ED /* Constants.swift */,
			);
			path = Constants;
			sourceTree = "<group>";
		};
		97C99CBF2A79A49200270B48 /* Models */ = {
			isa = PBXGroup;
			children = (
				97C99CC52A7A4C5000270B48 /* Person.swift */,
				9714B5742AA8A3500090D8D2 /* Furnitures.swift */,
				975987D72AB1D3A800942C8C /* RealmManager.swift */,
			);
			path = Models;
			sourceTree = "<group>";
		};
		97C99CC22A79A63700270B48 /* Supporting Views */ = {
			isa = PBXGroup;
			children = (
				97C99CC32A79A64700270B48 /* RatingView.swift */,
				979F17A52A7FA43200DD85ED /* SliderStoryView.swift */,
				979F17A72A7FA4AB00DD85ED /* CategoryItemView.swift */,
				979F17A92A7FA51D00DD85ED /* NavigationBarEdit.swift */,
				979F17AB2A7FA6B200DD85ED /* BasketItemView.swift */,
				979F17AF2A7FA8B300DD85ED /* Buttons.swift */,
				979F17B12A7FA9A300DD85ED /* FavoriteItemView.swift */,
				979F17B32A7FAB1100DD85ED /* ProfileItemView.swift */,
				979F17B52A7FAC9300DD85ED /* ItemCell.swift */,
				979F17BF2A7FC9F300DD85ED /* CategoriesInDetail.swift */,
			);
			path = "Supporting Views";
			sourceTree = "<group>";
		};
		97D0A1812A78E398005CE66E = {
			isa = PBXGroup;
			children = (
				97D46E9E2A822BF1004BBEA7 /* Localizable.strings */,
				97D0A18C2A78E398005CE66E /* ecommerceapp */,
				97D0A18B2A78E398005CE66E /* Products */,
				979F17962A7BDA6200DD85ED /* Frameworks */,
			);
			sourceTree = "<group>";
		};
		97D0A18B2A78E398005CE66E /* Products */ = {
			isa = PBXGroup;
			children = (
				97D0A18A2A78E398005CE66E /* ecommerceapp.app */,
			);
			name = Products;
			sourceTree = "<group>";
		};
		97D0A18C2A78E398005CE66E /* ecommerceapp */ = {
			isa = PBXGroup;
			children = (
				979F17C52A7FEA4F00DD85ED /* Constants */,
				979154E22A84BD0000A1B056 /* Modifiers */,
				979154DD2A84BB9100A1B056 /* Extensions */,
				97C99CC22A79A63700270B48 /* Supporting Views */,
				97C99CBF2A79A49200270B48 /* Models */,
				97D0A1A32A78EB6D005CE66E /* Views */,
				97D0A19B2A78E5C5005CE66E /* Fonts */,
				97D0A19E2A78E5EB005CE66E /* Info.plist */,
				97D0A18D2A78E398005CE66E /* ECommerceApp.swift */,
				97D0A1912A78E39B005CE66E /* Assets.xcassets */,
				97D0A1932A78E39B005CE66E /* Preview Content */,
			);
			path = ecommerceapp;
			sourceTree = "<group>";
		};
		97D0A1932A78E39B005CE66E /* Preview Content */ = {
			isa = PBXGroup;
			children = (
				97D0A1942A78E39B005CE66E /* Preview Assets.xcassets */,
			);
			path = "Preview Content";
			sourceTree = "<group>";
		};
		97D0A19B2A78E5C5005CE66E /* Fonts */ = {
			isa = PBXGroup;
			children = (
				97D0A1A02A78E827005CE66E /* Poppins-Medium.ttf */,
				97D0A19F2A78E827005CE66E /* Poppins-MediumItalic.ttf */,
			);
			path = Fonts;
			sourceTree = "<group>";
		};
		97D0A1A32A78EB6D005CE66E /* Views */ = {
			isa = PBXGroup;
			children = (
				97D0A1AE2A791462005CE66E /* Main Screen */,
				97D0A1AF2A79146F005CE66E /* Category Screen */,
				97D0A1BB2A794881005CE66E /* Categories */,
				97D0A1AB2A7911C6005CE66E /* Tab Bar */,
				97D0A1B52A791DF2005CE66E /* Profile Screen */,
				97D0A1B42A791DE6005CE66E /* Favorite Screen */,
				97D0A1B12A79190A005CE66E /* Basket Screen */,
			);
			path = Views;
			sourceTree = "<group>";
		};
		97D0A1AB2A7911C6005CE66E /* Tab Bar */ = {
			isa = PBXGroup;
			children = (
				97D0A1AC2A7911D6005CE66E /* TabBar.swift */,
			);
			path = "Tab Bar";
			sourceTree = "<group>";
		};
		97D0A1AE2A791462005CE66E /* Main Screen */ = {
			isa = PBXGroup;
			children = (
				97D0A18F2A78E398005CE66E /* ContentView.swift */,
			);
			path = "Main Screen";
			sourceTree = "<group>";
		};
		97D0A1AF2A79146F005CE66E /* Category Screen */ = {
			isa = PBXGroup;
			children = (
				97D0A1A42A78EB94005CE66E /* CategoryScreen.swift */,
			);
			path = "Category Screen";
			sourceTree = "<group>";
		};
		97D0A1B12A79190A005CE66E /* Basket Screen */ = {
			isa = PBXGroup;
			children = (
				97D0A1B22A791DC5005CE66E /* BasketScreen.swift */,
			);
			path = "Basket Screen";
			sourceTree = "<group>";
		};
		97D0A1B42A791DE6005CE66E /* Favorite Screen */ = {
			isa = PBXGroup;
			children = (
				97D0A1B92A791E1E005CE66E /* FavoriteScreen.swift */,
			);
			path = "Favorite Screen";
			sourceTree = "<group>";
		};
		97D0A1B52A791DF2005CE66E /* Profile Screen */ = {
			isa = PBXGroup;
			children = (
				97D0A1B62A791E06005CE66E /* ProfileScreen.swift */,
			);
			path = "Profile Screen";
			sourceTree = "<group>";
		};
		97D0A1BB2A794881005CE66E /* Categories */ = {
			isa = PBXGroup;
			children = (
				979F17C12A7FD77800DD85ED /* CategoriesInScreen.swift */,
			);
			path = Categories;
			sourceTree = "<group>";
		};
/* End PBXGroup section */

/* Begin PBXNativeTarget section */
		97D0A1892A78E398005CE66E /* ecommerceapp */ = {
			isa = PBXNativeTarget;
			buildConfigurationList = 97D0A1982A78E39B005CE66E /* Build configuration list for PBXNativeTarget "ecommerceapp" */;
			buildPhases = (
				97D0A1862A78E398005CE66E /* Sources */,
				97D0A1872A78E398005CE66E /* Frameworks */,
				97D0A1882A78E398005CE66E /* Resources */,
				979F179B2A7BDABF00DD85ED /* SwiftLint */,
			);
			buildRules = (
			);
			dependencies = (
			);
			name = ecommerceapp;
			packageProductDependencies = (
				9714B5692AA892860090D8D2 /* Realm */,
				9714B56B2AA892860090D8D2 /* RealmSwift */,
			);
			productName = ecommerceapp;
			productReference = 97D0A18A2A78E398005CE66E /* ecommerceapp.app */;
			productType = "com.apple.product-type.application";
		};
/* End PBXNativeTarget section */

/* Begin PBXProject section */
		97D0A1822A78E398005CE66E /* Project object */ = {
			isa = PBXProject;
			attributes = {
				BuildIndependentTargetsInParallel = 1;
				LastSwiftUpdateCheck = 1430;
				LastUpgradeCheck = 1430;
				TargetAttributes = {
					97D0A1892A78E398005CE66E = {
						CreatedOnToolsVersion = 14.3;
					};
				};
			};
			buildConfigurationList = 97D0A1852A78E398005CE66E /* Build configuration list for PBXProject "ecommerceapp" */;
			compatibilityVersion = "Xcode 14.0";
			developmentRegion = en;
			hasScannedForEncodings = 0;
			knownRegions = (
				en,
				Base,
				tr,
			);
			mainGroup = 97D0A1812A78E398005CE66E;
			packageReferences = (
				9714B5682AA892860090D8D2 /* XCRemoteSwiftPackageReference "realm-swift" */,
			);
			productRefGroup = 97D0A18B2A78E398005CE66E /* Products */;
			projectDirPath = "";
			projectRoot = "";
			targets = (
				97D0A1892A78E398005CE66E /* ecommerceapp */,
			);
		};
/* End PBXProject section */

/* Begin PBXResourcesBuildPhase section */
		97D0A1882A78E398005CE66E /* Resources */ = {
			isa = PBXResourcesBuildPhase;
			buildActionMask = 2147483647;
			files = (
				97D46E9C2A822BF1004BBEA7 /* Localizable.strings in Resources */,
				97D0A1952A78E39B005CE66E /* Preview Assets.xcassets in Resources */,
				97D0A1A22A78E828005CE66E /* Poppins-Medium.ttf in Resources */,
				97D0A1A12A78E828005CE66E /* Poppins-MediumItalic.ttf in Resources */,
				97D0A1922A78E39B005CE66E /* Assets.xcassets in Resources */,
			);
			runOnlyForDeploymentPostprocessing = 0;
		};
/* End PBXResourcesBuildPhase section */

/* Begin PBXShellScriptBuildPhase section */
		979F179B2A7BDABF00DD85ED /* SwiftLint */ = {
			isa = PBXShellScriptBuildPhase;
			alwaysOutOfDate = 1;
			buildActionMask = 2147483647;
			files = (
			);
			inputFileListPaths = (
			);
			inputPaths = (
			);
			name = SwiftLint;
			outputFileListPaths = (
			);
			outputPaths = (
			);
			runOnlyForDeploymentPostprocessing = 0;
			shellPath = /bin/sh;
			shellScript = "if [[ \"$(uname -m)\" == arm64 ]]; then\n    export PATH=\"/opt/homebrew/bin:$PATH\"\nfi\n\nif which swiftlint > /dev/null; then\n  swiftlint\nelse\n  echo \"warning: SwiftLint not installed, download from https://github.com/realm/SwiftLint\"\nfi\n";
		};
/* End PBXShellScriptBuildPhase section */

/* Begin PBXSourcesBuildPhase section */
		97D0A1862A78E398005CE66E /* Sources */ = {
			isa = PBXSourcesBuildPhase;
			buildActionMask = 2147483647;
			files = (
				979F17A82A7FA4AB00DD85ED /* CategoryItemView.swift in Sources */,
				979F17B22A7FA9A300DD85ED /* FavoriteItemView.swift in Sources */,
				975987DE2AB9A9C700942C8C /* Color.swift in Sources */,
				979F17A62A7FA43200DD85ED /* SliderStoryView.swift in Sources */,
				97D0A1B32A791DC5005CE66E /* BasketScreen.swift in Sources */,
				975987DC2AB98E7900942C8C /* Errors.swift in Sources */,
				979F17C22A7FD77800DD85ED /* CategoriesInScreen.swift in Sources */,
				97D0A1B72A791E06005CE66E /* ProfileScreen.swift in Sources */,
				97C99CC42A79A64700270B48 /* RatingView.swift in Sources */,
				97C99CC62A7A4C5000270B48 /* Person.swift in Sources */,
				979F17BE2A7FC28700DD85ED /* FontModifier.swift in Sources */,
				979F17C02A7FC9F300DD85ED /* CategoriesInDetail.swift in Sources */,
				970AEC8D2A861CC600B50998 /* TextFields.swift in Sources */,
				97D0A1A52A78EB94005CE66E /* CategoryScreen.swift in Sources */,
				979F17B02A7FA8B300DD85ED /* Buttons.swift in Sources */,
				970AEC8B2A8569BF00B50998 /* FrameModifier.swift in Sources */,
				979F17B62A7FAC9300DD85ED /* ItemCell.swift in Sources */,
				979F17B42A7FAB1100DD85ED /* ProfileItemView.swift in Sources */,
				97D0A1902A78E398005CE66E /* ContentView.swift in Sources */,
				975987D82AB1D3A800942C8C /* RealmManager.swift in Sources */,
				979F17AC2A7FA6B200DD85ED /* BasketItemView.swift in Sources */,
				9714B5752AA8A3500090D8D2 /* Furnitures.swift in Sources */,
				979154E62A84E4C700A1B056 /* Environments.swift in Sources */,
				97D0A1BA2A791E1E005CE66E /* FavoriteScreen.swift in Sources */,
				970AEC892A85647C00B50998 /* CornerRadiusModifier.swift in Sources */,
				979F17AA2A7FA51D00DD85ED /* NavigationBarEdit.swift in Sources */,
				979154E12A84BBD100A1B056 /* Strings.swift in Sources */,
				97D0A18E2A78E398005CE66E /* ECommerceApp.swift in Sources */,
				979154DF2A84BBB000A1B056 /* Images.swift in Sources */,
				97D0A1AD2A7911D6005CE66E /* TabBar.swift in Sources */,
				975987DA2AB1DF1100942C8C /* Stacks.swift in Sources */,
				979154E42A84C29A00A1B056 /* Texts.swift in Sources */,
				979F17C72A7FEA5D00DD85ED /* Constants.swift in Sources */,
			);
			runOnlyForDeploymentPostprocessing = 0;
		};
/* End PBXSourcesBuildPhase section */

/* Begin PBXVariantGroup section */
		97D46E9E2A822BF1004BBEA7 /* Localizable.strings */ = {
			isa = PBXVariantGroup;
			children = (
				97D46E9D2A822BF1004BBEA7 /* tr */,
				97D46E9F2A822C00004BBEA7 /* en */,
			);
			name = Localizable.strings;
			sourceTree = "<group>";
		};
/* End PBXVariantGroup section */

/* Begin XCBuildConfiguration section */
		97D0A1962A78E39B005CE66E /* Debug */ = {
			isa = XCBuildConfiguration;
			buildSettings = {
				ALWAYS_SEARCH_USER_PATHS = NO;
				CLANG_ANALYZER_NONNULL = YES;
				CLANG_ANALYZER_NUMBER_OBJECT_CONVERSION = YES_AGGRESSIVE;
				CLANG_CXX_LANGUAGE_STANDARD = "gnu++20";
				CLANG_ENABLE_MODULES = YES;
				CLANG_ENABLE_OBJC_ARC = YES;
				CLANG_ENABLE_OBJC_WEAK = YES;
				CLANG_WARN_BLOCK_CAPTURE_AUTORELEASING = YES;
				CLANG_WARN_BOOL_CONVERSION = YES;
				CLANG_WARN_COMMA = YES;
				CLANG_WARN_CONSTANT_CONVERSION = YES;
				CLANG_WARN_DEPRECATED_OBJC_IMPLEMENTATIONS = YES;
				CLANG_WARN_DIRECT_OBJC_ISA_USAGE = YES_ERROR;
				CLANG_WARN_DOCUMENTATION_COMMENTS = YES;
				CLANG_WARN_EMPTY_BODY = YES;
				CLANG_WARN_ENUM_CONVERSION = YES;
				CLANG_WARN_INFINITE_RECURSION = YES;
				CLANG_WARN_INT_CONVERSION = YES;
				CLANG_WARN_NON_LITERAL_NULL_CONVERSION = YES;
				CLANG_WARN_OBJC_IMPLICIT_RETAIN_SELF = YES;
				CLANG_WARN_OBJC_LITERAL_CONVERSION = YES;
				CLANG_WARN_OBJC_ROOT_CLASS = YES_ERROR;
				CLANG_WARN_QUOTED_INCLUDE_IN_FRAMEWORK_HEADER = YES;
				CLANG_WARN_RANGE_LOOP_ANALYSIS = YES;
				CLANG_WARN_STRICT_PROTOTYPES = YES;
				CLANG_WARN_SUSPICIOUS_MOVE = YES;
				CLANG_WARN_UNGUARDED_AVAILABILITY = YES_AGGRESSIVE;
				CLANG_WARN_UNREACHABLE_CODE = YES;
				CLANG_WARN__DUPLICATE_METHOD_MATCH = YES;
				COPY_PHASE_STRIP = NO;
				DEBUG_INFORMATION_FORMAT = dwarf;
				ENABLE_STRICT_OBJC_MSGSEND = YES;
				ENABLE_TESTABILITY = YES;
				GCC_C_LANGUAGE_STANDARD = gnu11;
				GCC_DYNAMIC_NO_PIC = NO;
				GCC_NO_COMMON_BLOCKS = YES;
				GCC_OPTIMIZATION_LEVEL = 0;
				GCC_PREPROCESSOR_DEFINITIONS = (
					"DEBUG=1",
					"$(inherited)",
				);
				GCC_WARN_64_TO_32_BIT_CONVERSION = YES;
				GCC_WARN_ABOUT_RETURN_TYPE = YES_ERROR;
				GCC_WARN_UNDECLARED_SELECTOR = YES;
				GCC_WARN_UNINITIALIZED_AUTOS = YES_AGGRESSIVE;
				GCC_WARN_UNUSED_FUNCTION = YES;
				GCC_WARN_UNUSED_VARIABLE = YES;
				IPHONEOS_DEPLOYMENT_TARGET = 16.4;
				MTL_ENABLE_DEBUG_INFO = INCLUDE_SOURCE;
				MTL_FAST_MATH = YES;
				ONLY_ACTIVE_ARCH = YES;
				SDKROOT = iphoneos;
				SWIFT_ACTIVE_COMPILATION_CONDITIONS = DEBUG;
				SWIFT_OPTIMIZATION_LEVEL = "-Onone";
			};
			name = Debug;
		};
		97D0A1972A78E39B005CE66E /* Release */ = {
			isa = XCBuildConfiguration;
			buildSettings = {
				ALWAYS_SEARCH_USER_PATHS = NO;
				CLANG_ANALYZER_NONNULL = YES;
				CLANG_ANALYZER_NUMBER_OBJECT_CONVERSION = YES_AGGRESSIVE;
				CLANG_CXX_LANGUAGE_STANDARD = "gnu++20";
				CLANG_ENABLE_MODULES = YES;
				CLANG_ENABLE_OBJC_ARC = YES;
				CLANG_ENABLE_OBJC_WEAK = YES;
				CLANG_WARN_BLOCK_CAPTURE_AUTORELEASING = YES;
				CLANG_WARN_BOOL_CONVERSION = YES;
				CLANG_WARN_COMMA = YES;
				CLANG_WARN_CONSTANT_CONVERSION = YES;
				CLANG_WARN_DEPRECATED_OBJC_IMPLEMENTATIONS = YES;
				CLANG_WARN_DIRECT_OBJC_ISA_USAGE = YES_ERROR;
				CLANG_WARN_DOCUMENTATION_COMMENTS = YES;
				CLANG_WARN_EMPTY_BODY = YES;
				CLANG_WARN_ENUM_CONVERSION = YES;
				CLANG_WARN_INFINITE_RECURSION = YES;
				CLANG_WARN_INT_CONVERSION = YES;
				CLANG_WARN_NON_LITERAL_NULL_CONVERSION = YES;
				CLANG_WARN_OBJC_IMPLICIT_RETAIN_SELF = YES;
				CLANG_WARN_OBJC_LITERAL_CONVERSION = YES;
				CLANG_WARN_OBJC_ROOT_CLASS = YES_ERROR;
				CLANG_WARN_QUOTED_INCLUDE_IN_FRAMEWORK_HEADER = YES;
				CLANG_WARN_RANGE_LOOP_ANALYSIS = YES;
				CLANG_WARN_STRICT_PROTOTYPES = YES;
				CLANG_WARN_SUSPICIOUS_MOVE = YES;
				CLANG_WARN_UNGUARDED_AVAILABILITY = YES_AGGRESSIVE;
				CLANG_WARN_UNREACHABLE_CODE = YES;
				CLANG_WARN__DUPLICATE_METHOD_MATCH = YES;
				COPY_PHASE_STRIP = NO;
				DEBUG_INFORMATION_FORMAT = "dwarf-with-dsym";
				ENABLE_NS_ASSERTIONS = NO;
				ENABLE_STRICT_OBJC_MSGSEND = YES;
				GCC_C_LANGUAGE_STANDARD = gnu11;
				GCC_NO_COMMON_BLOCKS = YES;
				GCC_WARN_64_TO_32_BIT_CONVERSION = YES;
				GCC_WARN_ABOUT_RETURN_TYPE = YES_ERROR;
				GCC_WARN_UNDECLARED_SELECTOR = YES;
				GCC_WARN_UNINITIALIZED_AUTOS = YES_AGGRESSIVE;
				GCC_WARN_UNUSED_FUNCTION = YES;
				GCC_WARN_UNUSED_VARIABLE = YES;
				IPHONEOS_DEPLOYMENT_TARGET = 16.4;
				MTL_ENABLE_DEBUG_INFO = NO;
				MTL_FAST_MATH = YES;
				SDKROOT = iphoneos;
				SWIFT_COMPILATION_MODE = wholemodule;
				SWIFT_OPTIMIZATION_LEVEL = "-O";
				VALIDATE_PRODUCT = YES;
			};
			name = Release;
		};
		97D0A1992A78E39B005CE66E /* Debug */ = {
			isa = XCBuildConfiguration;
			buildSettings = {
				ASSETCATALOG_COMPILER_APPICON_NAME = AppIcon;
				ASSETCATALOG_COMPILER_GLOBAL_ACCENT_COLOR_NAME = AccentColor;
				CODE_SIGN_STYLE = Automatic;
				CURRENT_PROJECT_VERSION = 1;
				DEVELOPMENT_ASSET_PATHS = "\"ecommerceapp/Preview Content\"";
				DEVELOPMENT_TEAM = 2U8T5Z4P56;
				ENABLE_PREVIEWS = YES;
				GENERATE_INFOPLIST_FILE = YES;
				INFOPLIST_FILE = ecommerceapp/Info.plist;
				INFOPLIST_KEY_UIApplicationSceneManifest_Generation = YES;
				INFOPLIST_KEY_UIApplicationSupportsIndirectInputEvents = YES;
				INFOPLIST_KEY_UILaunchScreen_Generation = YES;
				INFOPLIST_KEY_UISupportedInterfaceOrientations = UIInterfaceOrientationPortrait;
				LD_RUNPATH_SEARCH_PATHS = (
					"$(inherited)",
					"@executable_path/Frameworks",
				);
				MARKETING_VERSION = 1.0;
				PRODUCT_BUNDLE_IDENTIFIER = com.befe.ecommerceapp;
				PRODUCT_NAME = "$(TARGET_NAME)";
				SWIFT_EMIT_LOC_STRINGS = YES;
				SWIFT_VERSION = 5.0;
				TARGETED_DEVICE_FAMILY = "1,2";
			};
			name = Debug;
		};
		97D0A19A2A78E39B005CE66E /* Release */ = {
			isa = XCBuildConfiguration;
			buildSettings = {
				ASSETCATALOG_COMPILER_APPICON_NAME = AppIcon;
				ASSETCATALOG_COMPILER_GLOBAL_ACCENT_COLOR_NAME = AccentColor;
				CODE_SIGN_STYLE = Automatic;
				CURRENT_PROJECT_VERSION = 1;
				DEVELOPMENT_ASSET_PATHS = "\"ecommerceapp/Preview Content\"";
				DEVELOPMENT_TEAM = 2U8T5Z4P56;
				ENABLE_PREVIEWS = YES;
				GENERATE_INFOPLIST_FILE = YES;
				INFOPLIST_FILE = ecommerceapp/Info.plist;
				INFOPLIST_KEY_UIApplicationSceneManifest_Generation = YES;
				INFOPLIST_KEY_UIApplicationSupportsIndirectInputEvents = YES;
				INFOPLIST_KEY_UILaunchScreen_Generation = YES;
				INFOPLIST_KEY_UISupportedInterfaceOrientations = UIInterfaceOrientationPortrait;
				LD_RUNPATH_SEARCH_PATHS = (
					"$(inherited)",
					"@executable_path/Frameworks",
				);
				MARKETING_VERSION = 1.0;
				PRODUCT_BUNDLE_IDENTIFIER = com.befe.ecommerceapp;
				PRODUCT_NAME = "$(TARGET_NAME)";
				SWIFT_EMIT_LOC_STRINGS = YES;
				SWIFT_VERSION = 5.0;
				TARGETED_DEVICE_FAMILY = "1,2";
			};
			name = Release;
		};
/* End XCBuildConfiguration section */

/* Begin XCConfigurationList section */
		97D0A1852A78E398005CE66E /* Build configuration list for PBXProject "ecommerceapp" */ = {
			isa = XCConfigurationList;
			buildConfigurations = (
				97D0A1962A78E39B005CE66E /* Debug */,
				97D0A1972A78E39B005CE66E /* Release */,
			);
			defaultConfigurationIsVisible = 0;
			defaultConfigurationName = Release;
		};
		97D0A1982A78E39B005CE66E /* Build configuration list for PBXNativeTarget "ecommerceapp" */ = {
			isa = XCConfigurationList;
			buildConfigurations = (
				97D0A1992A78E39B005CE66E /* Debug */,
				97D0A19A2A78E39B005CE66E /* Release */,
			);
			defaultConfigurationIsVisible = 0;
			defaultConfigurationName = Release;
		};
/* End XCConfigurationList section */

/* Begin XCRemoteSwiftPackageReference section */
		9714B5682AA892860090D8D2 /* XCRemoteSwiftPackageReference "realm-swift" */ = {
			isa = XCRemoteSwiftPackageReference;
			repositoryURL = "https://github.com/realm/realm-swift";
			requirement = {
				branch = master;
				kind = branch;
			};
		};
/* End XCRemoteSwiftPackageReference section */

/* Begin XCSwiftPackageProductDependency section */
		9714B5692AA892860090D8D2 /* Realm */ = {
			isa = XCSwiftPackageProductDependency;
			package = 9714B5682AA892860090D8D2 /* XCRemoteSwiftPackageReference "realm-swift" */;
			productName = Realm;
		};
		9714B56B2AA892860090D8D2 /* RealmSwift */ = {
			isa = XCSwiftPackageProductDependency;
			package = 9714B5682AA892860090D8D2 /* XCRemoteSwiftPackageReference "realm-swift" */;
			productName = RealmSwift;
		};
/* End XCSwiftPackageProductDependency section */
	};
	rootObject = 97D0A1822A78E398005CE66E /* Project object */;
}
